
Microsoft Visual Studio Solution File, Format Version 12.00
# Visual Studio Version 17
VisualStudioVersion = 17.6.33829.357
MinimumVisualStudioVersion = 10.0.40219.1
Project("{FAE04EC0-301F-11D3-BF4B-00C04F79EFBC}") = "TicTacTo", "TicTacTo\TicTacTo.csproj", "{4B149E80-6AB3-426D-BF0E-7AA393257ACA}"
EndProject
Global
	GlobalSection(SolutionConfigurationPlatforms) = preSolution
		Debug|Any CPU = Debug|Any CPU
		Release|Any CPU = Release|Any CPU
	EndGlobalSection
	GlobalSection(ProjectConfigurationPlatforms) = postSolution
		{4B149E80-6AB3-426D-BF0E-7AA393257ACA}.Debug|Any CPU.ActiveCfg = Debug|Any CPU
		{4B149E80-6AB3-426D-BF0E-7AA393257ACA}.Debug|Any CPU.Build.0 = Debug|Any CPU
		{4B149E80-6AB3-426D-BF0E-7AA393257ACA}.Release|Any CPU.ActiveCfg = Release|Any CPU
		{4B149E80-6AB3-426D-BF0E-7AA393257ACA}.Release|Any CPU.Build.0 = Release|Any CPU
	EndGlobalSection
	GlobalSection(SolutionProperties) = preSolution
		HideSolutionNode = FALSE
	EndGlobalSection
	GlobalSection(ExtensibilityGlobals) = postSolution
		SolutionGuid = {5946A7E6-E134-418C-9699-44914DCFBD7B}
	EndGlobalSection
EndGlobal
