
Microsoft Visual Studio Solution File, Format Version 12.00
# Visual Studio Version 17
VisualStudioVersion = 17.6.33829.357
MinimumVisualStudioVersion = 10.0.40219.1
Project("{FAE04EC0-301F-11D3-BF4B-00C04F79EFBC}") = "Snake", "Snake\Snake.csproj", "{5C2D8F5C-FBBE-486E-B47C-1DB0E560CC87}"
EndProject
Global
	GlobalSection(SolutionConfigurationPlatforms) = preSolution
		Debug|Any CPU = Debug|Any CPU
		Release|Any CPU = Release|Any CPU
	EndGlobalSection
	GlobalSection(ProjectConfigurationPlatforms) = postSolution
		{5C2D8F5C-FBBE-486E-B47C-1DB0E560CC87}.Debug|Any CPU.ActiveCfg = Debug|Any CPU
		{5C2D8F5C-FBBE-486E-B47C-1DB0E560CC87}.Debug|Any CPU.Build.0 = Debug|Any CPU
		{5C2D8F5C-FBBE-486E-B47C-1DB0E560CC87}.Release|Any CPU.ActiveCfg = Release|Any CPU
		{5C2D8F5C-FBBE-486E-B47C-1DB0E560CC87}.Release|Any CPU.Build.0 = Release|Any CPU
	EndGlobalSection
	GlobalSection(SolutionProperties) = preSolution
		HideSolutionNode = FALSE
	EndGlobalSection
	GlobalSection(ExtensibilityGlobals) = postSolution
		SolutionGuid = {C54679F8-088B-4127-AC54-6D038D5EDED1}
	EndGlobalSection
EndGlobal
