
Microsoft Visual Studio Solution File, Format Version 12.00
# Visual Studio Version 16
VisualStudioVersion = 16.0.33328.57
MinimumVisualStudioVersion = 10.0.40219.1
Project("{FAE04EC0-301F-11D3-BF4B-00C04F79EFBC}") = "Formula 1", "Formula 1\Formula 1.csproj", "{22E5FA00-286C-4853-9E7E-F1F2E92A50F7}"
EndProject
Global
	GlobalSection(SolutionConfigurationPlatforms) = preSolution
		Debug|Any CPU = Debug|Any CPU
		Release|Any CPU = Release|Any CPU
	EndGlobalSection
	GlobalSection(ProjectConfigurationPlatforms) = postSolution
		{22E5FA00-286C-4853-9E7E-F1F2E92A50F7}.Debug|Any CPU.ActiveCfg = Debug|Any CPU
		{22E5FA00-286C-4853-9E7E-F1F2E92A50F7}.Debug|Any CPU.Build.0 = Debug|Any CPU
		{22E5FA00-286C-4853-9E7E-F1F2E92A50F7}.Release|Any CPU.ActiveCfg = Release|Any CPU
		{22E5FA00-286C-4853-9E7E-F1F2E92A50F7}.Release|Any CPU.Build.0 = Release|Any CPU
	EndGlobalSection
	GlobalSection(SolutionProperties) = preSolution
		HideSolutionNode = FALSE
	EndGlobalSection
	GlobalSection(ExtensibilityGlobals) = postSolution
		SolutionGuid = {C0A52D6F-FC6D-4E4B-8621-6C0203C9EB91}
	EndGlobalSection
EndGlobal
